
Microsoft Visual Studio Solution File, Format Version 12.00
# Visual Studio Version 16
VisualStudioVersion = 25.0.1706.9
MinimumVisualStudioVersion = 10.0.40219.1
Project("{FAE04EC0-301F-11D3-BF4B-00C04F79EFBC}") = "LondonV1", "LondonV1.csproj", "{B1BDC3E3-F904-41CE-A603-3A9EC13C5EB1}"
EndProject
Global
	GlobalSection(SolutionConfigurationPlatforms) = preSolution
		Debug|Any CPU = Debug|Any CPU
		Release|Any CPU = Release|Any CPU
	EndGlobalSection
	GlobalSection(ProjectConfigurationPlatforms) = postSolution
		{B1BDC3E3-F904-41CE-A603-3A9EC13C5EB1}.Debug|Any CPU.ActiveCfg = Debug|Any CPU
		{B1BDC3E3-F904-41CE-A603-3A9EC13C5EB1}.Debug|Any CPU.Build.0 = Debug|Any CPU
		{B1BDC3E3-F904-41CE-A603-3A9EC13C5EB1}.Release|Any CPU.ActiveCfg = Release|Any CPU
		{B1BDC3E3-F904-41CE-A603-3A9EC13C5EB1}.Release|Any CPU.Build.0 = Release|Any CPU
	EndGlobalSection
	GlobalSection(SolutionProperties) = preSolution
		HideSolutionNode = FALSE
	EndGlobalSection
	GlobalSection(ExtensibilityGlobals) = postSolution
		SolutionGuid = {959B5558-8A67-44DC-B0AB-C84C933D0478}
	EndGlobalSection
EndGlobal
